<?xml version="1.0" encoding="UTF-8" standalone="yes" ?>
<CodeBlocks_project_file>
	<FileVersion major="1" minor="6" />
	<Project>
		<Option title="Server" />
		<Option pch_mode="2" />
		<Option compiler="gcc" />
		<Build>
			<Target title="Debug">
				<Option output="bin/Debug/Server" prefix_auto="1" extension_auto="1" />
				<Option object_output="obj/Debug/" />
				<Option type="1" />
				<Option compiler="gcc" />
				<Compiler>
					<Add option="-g" />
					<Add directory="/home/koushtav/Documents/DevLibs/SFML-Snapshot/include" />
					<Add directory="include" />
				</Compiler>
				<Linker>
					<Add option="-lsfml-network -lsfml-system" />
					<Add directory="/home/koushtav/Documents/DevLibs/SFML-Snapshot/lib" />
				</Linker>
			</Target>
			<Target title="Release">
				<Option output="bin/Release/Server" prefix_auto="1" extension_auto="1" />
				<Option object_output="obj/Release/" />
				<Option type="1" />
				<Option compiler="gcc" />
				<Compiler>
					<Add option="-O2" />
					<Add directory="include" />
				</Compiler>
				<Linker>
					<Add option="-s" />
				</Linker>
			</Target>
		</Build>
		<Compiler>
			<Add option="-Wall" />
			<Add option="-fexceptions" />
		</Compiler>
		<Unit filename="SHA256/SHA256.cpp" />
		<Unit filename="SHA256/SHA256.h" />
		<Unit filename="Server.cpp" />
		<Unit filename="Server.hpp" />
		<Unit filename="System.cpp" />
		<Unit filename="System.hpp" />
		<Unit filename="UserDatabase.cpp" />
		<Unit filename="UserDatabase.hpp" />
		<Unit filename="include/Log.hpp" />
		<Unit filename="main.cpp" />
		<Unit filename="src/Log.cpp" />
		<Extensions>
			<code_completion />
			<envvars />
			<lib_finder disable_auto="1" />
			<debugger />
		</Extensions>
	</Project>
</CodeBlocks_project_file>
